
Microsoft Visual Studio Solution File, Format Version 12.00
# Visual Studio 15
VisualStudioVersion = 15.0.28307.757
MinimumVisualStudioVersion = 10.0.40219.1
Project("{FAE04EC0-301F-11D3-BF4B-00C04F79EFBC}") = "Question 3", "Question 3\Question 3.csproj", "{834C0BE6-7BE9-4699-8145-C7F5381E972F}"
EndProject
Global
	GlobalSection(SolutionConfigurationPlatforms) = preSolution
		Debug|Any CPU = Debug|Any CPU
		Release|Any CPU = Release|Any CPU
	EndGlobalSection
	GlobalSection(ProjectConfigurationPlatforms) = postSolution
		{834C0BE6-7BE9-4699-8145-C7F5381E972F}.Debug|Any CPU.ActiveCfg = Debug|Any CPU
		{834C0BE6-7BE9-4699-8145-C7F5381E972F}.Debug|Any CPU.Build.0 = Debug|Any CPU
		{834C0BE6-7BE9-4699-8145-C7F5381E972F}.Release|Any CPU.ActiveCfg = Release|Any CPU
		{834C0BE6-7BE9-4699-8145-C7F5381E972F}.Release|Any CPU.Build.0 = Release|Any CPU
	EndGlobalSection
	GlobalSection(SolutionProperties) = preSolution
		HideSolutionNode = FALSE
	EndGlobalSection
	GlobalSection(ExtensibilityGlobals) = postSolution
		SolutionGuid = {89B3AD0E-29D2-4288-9639-E18D145F3A18}
	EndGlobalSection
EndGlobal
