
Microsoft Visual Studio Solution File, Format Version 12.00
# Visual Studio Version 16
VisualStudioVersion = 16.0.29201.188
MinimumVisualStudioVersion = 10.0.40219.1
Project("{FAE04EC0-301F-11D3-BF4B-00C04F79EFBC}") = "Question 4", "Question 4\Question 4.csproj", "{02BB1E82-251C-4086-89EC-D94A01E86BAD}"
EndProject
Global
	GlobalSection(SolutionConfigurationPlatforms) = preSolution
		Debug|Any CPU = Debug|Any CPU
		Release|Any CPU = Release|Any CPU
	EndGlobalSection
	GlobalSection(ProjectConfigurationPlatforms) = postSolution
		{02BB1E82-251C-4086-89EC-D94A01E86BAD}.Debug|Any CPU.ActiveCfg = Debug|Any CPU
		{02BB1E82-251C-4086-89EC-D94A01E86BAD}.Debug|Any CPU.Build.0 = Debug|Any CPU
		{02BB1E82-251C-4086-89EC-D94A01E86BAD}.Release|Any CPU.ActiveCfg = Release|Any CPU
		{02BB1E82-251C-4086-89EC-D94A01E86BAD}.Release|Any CPU.Build.0 = Release|Any CPU
	EndGlobalSection
	GlobalSection(SolutionProperties) = preSolution
		HideSolutionNode = FALSE
	EndGlobalSection
	GlobalSection(ExtensibilityGlobals) = postSolution
		SolutionGuid = {76BA0C02-4912-4DCE-A924-103D47CF2AD5}
	EndGlobalSection
EndGlobal
