
Microsoft Visual Studio Solution File, Format Version 12.00
# Visual Studio Version 16
VisualStudioVersion = 16.0.29201.188
MinimumVisualStudioVersion = 10.0.40219.1
Project("{FAE04EC0-301F-11D3-BF4B-00C04F79EFBC}") = "Question1", "Question1\Question1.csproj", "{FB6D0AEC-B4C3-4F95-A78E-CCCFE6D8966F}"
EndProject
Global
	GlobalSection(SolutionConfigurationPlatforms) = preSolution
		Debug|Any CPU = Debug|Any CPU
		Release|Any CPU = Release|Any CPU
	EndGlobalSection
	GlobalSection(ProjectConfigurationPlatforms) = postSolution
		{FB6D0AEC-B4C3-4F95-A78E-CCCFE6D8966F}.Debug|Any CPU.ActiveCfg = Debug|Any CPU
		{FB6D0AEC-B4C3-4F95-A78E-CCCFE6D8966F}.Debug|Any CPU.Build.0 = Debug|Any CPU
		{FB6D0AEC-B4C3-4F95-A78E-CCCFE6D8966F}.Release|Any CPU.ActiveCfg = Release|Any CPU
		{FB6D0AEC-B4C3-4F95-A78E-CCCFE6D8966F}.Release|Any CPU.Build.0 = Release|Any CPU
	EndGlobalSection
	GlobalSection(SolutionProperties) = preSolution
		HideSolutionNode = FALSE
	EndGlobalSection
	GlobalSection(ExtensibilityGlobals) = postSolution
		SolutionGuid = {D8F3539E-DD00-49EE-AF11-5E05331BAB3D}
	EndGlobalSection
EndGlobal
