
Microsoft Visual Studio Solution File, Format Version 12.00
# Visual Studio Version 16
VisualStudioVersion = 16.0.29201.188
MinimumVisualStudioVersion = 10.0.40219.1
Project("{FAE04EC0-301F-11D3-BF4B-00C04F79EFBC}") = "Question 3", "Question 3\Question 3.csproj", "{99041A13-4CA4-4DF3-9188-8F76B89AC0D1}"
EndProject
Global
	GlobalSection(SolutionConfigurationPlatforms) = preSolution
		Debug|Any CPU = Debug|Any CPU
		Release|Any CPU = Release|Any CPU
	EndGlobalSection
	GlobalSection(ProjectConfigurationPlatforms) = postSolution
		{99041A13-4CA4-4DF3-9188-8F76B89AC0D1}.Debug|Any CPU.ActiveCfg = Debug|Any CPU
		{99041A13-4CA4-4DF3-9188-8F76B89AC0D1}.Debug|Any CPU.Build.0 = Debug|Any CPU
		{99041A13-4CA4-4DF3-9188-8F76B89AC0D1}.Release|Any CPU.ActiveCfg = Release|Any CPU
		{99041A13-4CA4-4DF3-9188-8F76B89AC0D1}.Release|Any CPU.Build.0 = Release|Any CPU
	EndGlobalSection
	GlobalSection(SolutionProperties) = preSolution
		HideSolutionNode = FALSE
	EndGlobalSection
	GlobalSection(ExtensibilityGlobals) = postSolution
		SolutionGuid = {B6270EC3-AB53-4CA4-9D2B-4164D11B3E43}
	EndGlobalSection
EndGlobal
