
Microsoft Visual Studio Solution File, Format Version 12.00
# Visual Studio Version 16
VisualStudioVersion = 16.0.29201.188
MinimumVisualStudioVersion = 10.0.40219.1
Project("{FAE04EC0-301F-11D3-BF4B-00C04F79EFBC}") = "Question 2", "Question 2\Question 2.csproj", "{6CC85951-5C23-4B7A-BCCC-A70065ED12B0}"
EndProject
Global
	GlobalSection(SolutionConfigurationPlatforms) = preSolution
		Debug|Any CPU = Debug|Any CPU
		Release|Any CPU = Release|Any CPU
	EndGlobalSection
	GlobalSection(ProjectConfigurationPlatforms) = postSolution
		{6CC85951-5C23-4B7A-BCCC-A70065ED12B0}.Debug|Any CPU.ActiveCfg = Debug|Any CPU
		{6CC85951-5C23-4B7A-BCCC-A70065ED12B0}.Debug|Any CPU.Build.0 = Debug|Any CPU
		{6CC85951-5C23-4B7A-BCCC-A70065ED12B0}.Release|Any CPU.ActiveCfg = Release|Any CPU
		{6CC85951-5C23-4B7A-BCCC-A70065ED12B0}.Release|Any CPU.Build.0 = Release|Any CPU
	EndGlobalSection
	GlobalSection(SolutionProperties) = preSolution
		HideSolutionNode = FALSE
	EndGlobalSection
	GlobalSection(ExtensibilityGlobals) = postSolution
		SolutionGuid = {467C9426-253E-4BA1-B977-95AA3BAD7451}
	EndGlobalSection
EndGlobal
