
Microsoft Visual Studio Solution File, Format Version 12.00
# Visual Studio Version 16
VisualStudioVersion = 16.0.29201.188
MinimumVisualStudioVersion = 10.0.40219.1
Project("{FAE04EC0-301F-11D3-BF4B-00C04F79EFBC}") = "ExampleProject", "ExampleProject\ExampleProject.csproj", "{920ADDB5-59AC-4E12-B342-2A349A106673}"
EndProject
Global
	GlobalSection(SolutionConfigurationPlatforms) = preSolution
		Debug|Any CPU = Debug|Any CPU
		Release|Any CPU = Release|Any CPU
	EndGlobalSection
	GlobalSection(ProjectConfigurationPlatforms) = postSolution
		{920ADDB5-59AC-4E12-B342-2A349A106673}.Debug|Any CPU.ActiveCfg = Debug|Any CPU
		{920ADDB5-59AC-4E12-B342-2A349A106673}.Debug|Any CPU.Build.0 = Debug|Any CPU
		{920ADDB5-59AC-4E12-B342-2A349A106673}.Release|Any CPU.ActiveCfg = Release|Any CPU
		{920ADDB5-59AC-4E12-B342-2A349A106673}.Release|Any CPU.Build.0 = Release|Any CPU
	EndGlobalSection
	GlobalSection(SolutionProperties) = preSolution
		HideSolutionNode = FALSE
	EndGlobalSection
	GlobalSection(ExtensibilityGlobals) = postSolution
		SolutionGuid = {2F1B70AD-FF9D-4B8D-8F45-D54190605566}
	EndGlobalSection
EndGlobal
