
Microsoft Visual Studio Solution File, Format Version 12.00
# Visual Studio Version 16
VisualStudioVersion = 16.0.29201.188
MinimumVisualStudioVersion = 10.0.40219.1
Project("{FAE04EC0-301F-11D3-BF4B-00C04F79EFBC}") = "Question4", "Question4\Question4.csproj", "{6A3AC820-8832-427F-BD86-37A7755696FB}"
EndProject
Global
	GlobalSection(SolutionConfigurationPlatforms) = preSolution
		Debug|Any CPU = Debug|Any CPU
		Release|Any CPU = Release|Any CPU
	EndGlobalSection
	GlobalSection(ProjectConfigurationPlatforms) = postSolution
		{6A3AC820-8832-427F-BD86-37A7755696FB}.Debug|Any CPU.ActiveCfg = Debug|Any CPU
		{6A3AC820-8832-427F-BD86-37A7755696FB}.Debug|Any CPU.Build.0 = Debug|Any CPU
		{6A3AC820-8832-427F-BD86-37A7755696FB}.Release|Any CPU.ActiveCfg = Release|Any CPU
		{6A3AC820-8832-427F-BD86-37A7755696FB}.Release|Any CPU.Build.0 = Release|Any CPU
	EndGlobalSection
	GlobalSection(SolutionProperties) = preSolution
		HideSolutionNode = FALSE
	EndGlobalSection
	GlobalSection(ExtensibilityGlobals) = postSolution
		SolutionGuid = {37904EAB-46E4-4C93-992C-3902E14AD28C}
	EndGlobalSection
EndGlobal
