
Microsoft Visual Studio Solution File, Format Version 12.00
# Visual Studio Version 16
VisualStudioVersion = 16.0.29201.188
MinimumVisualStudioVersion = 10.0.40219.1
Project("{FAE04EC0-301F-11D3-BF4B-00C04F79EFBC}") = "Question 1", "Question 1\Question 1.csproj", "{B1393695-6FC7-4FA0-8CD4-59CAF66458FA}"
EndProject
Global
	GlobalSection(SolutionConfigurationPlatforms) = preSolution
		Debug|Any CPU = Debug|Any CPU
		Release|Any CPU = Release|Any CPU
	EndGlobalSection
	GlobalSection(ProjectConfigurationPlatforms) = postSolution
		{B1393695-6FC7-4FA0-8CD4-59CAF66458FA}.Debug|Any CPU.ActiveCfg = Debug|Any CPU
		{B1393695-6FC7-4FA0-8CD4-59CAF66458FA}.Debug|Any CPU.Build.0 = Debug|Any CPU
		{B1393695-6FC7-4FA0-8CD4-59CAF66458FA}.Release|Any CPU.ActiveCfg = Release|Any CPU
		{B1393695-6FC7-4FA0-8CD4-59CAF66458FA}.Release|Any CPU.Build.0 = Release|Any CPU
	EndGlobalSection
	GlobalSection(SolutionProperties) = preSolution
		HideSolutionNode = FALSE
	EndGlobalSection
	GlobalSection(ExtensibilityGlobals) = postSolution
		SolutionGuid = {BC53400A-7D03-4EFC-BECE-CE9B5BAE1CEF}
	EndGlobalSection
EndGlobal
