
Microsoft Visual Studio Solution File, Format Version 12.00
# Visual Studio Version 16
VisualStudioVersion = 16.0.29201.188
MinimumVisualStudioVersion = 10.0.40219.1
Project("{FAE04EC0-301F-11D3-BF4B-00C04F79EFBC}") = "Question3", "Question3\Question3.csproj", "{F7C0E2A7-8CDA-4D92-81CB-896E13FFE1BC}"
EndProject
Global
	GlobalSection(SolutionConfigurationPlatforms) = preSolution
		Debug|Any CPU = Debug|Any CPU
		Release|Any CPU = Release|Any CPU
	EndGlobalSection
	GlobalSection(ProjectConfigurationPlatforms) = postSolution
		{F7C0E2A7-8CDA-4D92-81CB-896E13FFE1BC}.Debug|Any CPU.ActiveCfg = Debug|Any CPU
		{F7C0E2A7-8CDA-4D92-81CB-896E13FFE1BC}.Debug|Any CPU.Build.0 = Debug|Any CPU
		{F7C0E2A7-8CDA-4D92-81CB-896E13FFE1BC}.Release|Any CPU.ActiveCfg = Release|Any CPU
		{F7C0E2A7-8CDA-4D92-81CB-896E13FFE1BC}.Release|Any CPU.Build.0 = Release|Any CPU
	EndGlobalSection
	GlobalSection(SolutionProperties) = preSolution
		HideSolutionNode = FALSE
	EndGlobalSection
	GlobalSection(ExtensibilityGlobals) = postSolution
		SolutionGuid = {4E6DF8B9-C07F-4CEE-ABC7-B3E7F2A69EBA}
	EndGlobalSection
EndGlobal
